
Microsoft Visual Studio Solution File, Format Version 12.00
# Visual Studio Version 17
VisualStudioVersion = 17.0.31903.59
MinimumVisualStudioVersion = 10.0.40219.1
Project("{2150E333-8FDC-42A3-9474-1A3956D46DE8}") = "src", "src", "{87E5D3E8-D398-40DD-8A48-9756AEBA2B42}"
EndProject
Project("{FAE04EC0-301F-11D3-BF4B-00C04F79EFBC}") = "AIUsageBar", "src\AIUsageBar\AIUsageBar.csproj", "{2C3DAF7A-0B78-4E4E-B4EC-3EAF349DAF06}"
EndProject
Project("{2150E333-8FDC-42A3-9474-1A3956D46DE8}") = "tests", "tests", "{82D93E80-52A9-48D2-AE2E-5A46E84F9F3D}"
EndProject
Project("{FAE04EC0-301F-11D3-BF4B-00C04F79EFBC}") = "AIUsageBar.Tests", "tests\AIUsageBar.Tests\AIUsageBar.Tests.csproj", "{76DFB456-47A2-404D-AC97-4F25B5AA761C}"
EndProject
Global
	GlobalSection(SolutionConfigurationPlatforms) = preSolution
		Debug|Any CPU = Debug|Any CPU
		Release|Any CPU = Release|Any CPU
	EndGlobalSection
	GlobalSection(SolutionProperties) = preSolution
		HideSolutionNode = FALSE
	EndGlobalSection
	GlobalSection(ProjectConfigurationPlatforms) = postSolution
		{2C3DAF7A-0B78-4E4E-B4EC-3EAF349DAF06}.Debug|Any CPU.ActiveCfg = Debug|Any CPU
		{2C3DAF7A-0B78-4E4E-B4EC-3EAF349DAF06}.Debug|Any CPU.Build.0 = Debug|Any CPU
		{2C3DAF7A-0B78-4E4E-B4EC-3EAF349DAF06}.Release|Any CPU.ActiveCfg = Release|Any CPU
		{2C3DAF7A-0B78-4E4E-B4EC-3EAF349DAF06}.Release|Any CPU.Build.0 = Release|Any CPU
		{76DFB456-47A2-404D-AC97-4F25B5AA761C}.Debug|Any CPU.ActiveCfg = Debug|Any CPU
		{76DFB456-47A2-404D-AC97-4F25B5AA761C}.Debug|Any CPU.Build.0 = Debug|Any CPU
		{76DFB456-47A2-404D-AC97-4F25B5AA761C}.Release|Any CPU.ActiveCfg = Release|Any CPU
		{76DFB456-47A2-404D-AC97-4F25B5AA761C}.Release|Any CPU.Build.0 = Release|Any CPU
	EndGlobalSection
	GlobalSection(NestedProjects) = preSolution
		{2C3DAF7A-0B78-4E4E-B4EC-3EAF349DAF06} = {87E5D3E8-D398-40DD-8A48-9756AEBA2B42}
		{76DFB456-47A2-404D-AC97-4F25B5AA761C} = {82D93E80-52A9-48D2-AE2E-5A46E84F9F3D}
	EndGlobalSection
EndGlobal
